// !$*UTF8*$!
{
	archiveVersion = 1;
	classes = {
	};
	objectVersion = 50;
	objects = {

/* Begin PBXBuildFile section */
		002299CD25F0FB4700E18705 /* AppDelegate.swift in Sources */ = {isa = PBXBuildFile; fileRef = 002299CC25F0FB4700E18705 /* AppDelegate.swift */; };
		002299CF25F0FB4700E18705 /* SceneDelegate.swift in Sources */ = {isa = PBXBuildFile; fileRef = 002299CE25F0FB4700E18705 /* SceneDelegate.swift */; };
		002299D125F0FB4700E18705 /* ViewController.swift in Sources */ = {isa = PBXBuildFile; fileRef = 002299D025F0FB4700E18705 /* ViewController.swift */; };
		002299D425F0FB4700E18705 /* Main.storyboard in Resources */ = {isa = PBXBuildFile; fileRef = 002299D225F0FB4700E18705 /* Main.storyboard */; };
		002299D625F0FB4C00E18705 /* Assets.xcassets in Resources */ = {isa = PBXBuildFile; fileRef = 002299D525F0FB4C00E18705 /* Assets.xcassets */; };
		002299D925F0FB4C00E18705 /* LaunchScreen.storyboard in Resources */ = {isa = PBXBuildFile; fileRef = 002299D725F0FB4C00E18705 /* LaunchScreen.storyboard */; };
		002299E225F0FB5B00E18705 /* convert.swift in Sources */ = {isa = PBXBuildFile; fileRef = 002299E125F0FB5B00E18705 /* convert.swift */; };
		002299E825F0FC1300E18705 /* convertViewController.swift in Sources */ = {isa = PBXBuildFile; fileRef = 002299E725F0FC1300E18705 /* convertViewController.swift */; };
/* End PBXBuildFile section */

/* Begin PBXFileReference section */
		002299C925F0FB4700E18705 /* convert0303.app */ = {isa = PBXFileReference; explicitFileType = wrapper.application; includeInIndex = 0; path = convert0303.app; sourceTree = BUILT_PRODUCTS_DIR; };
		002299CC25F0FB4700E18705 /* AppDelegate.swift */ = {isa = PBXFileReference; lastKnownFileType = sourcecode.swift; path = AppDelegate.swift; sourceTree = "<group>"; };
		002299CE25F0FB4700E18705 /* SceneDelegate.swift */ = {isa = PBXFileReference; lastKnownFileType = sourcecode.swift; path = SceneDelegate.swift; sourceTree = "<group>"; };
		002299D025F0FB4700E18705 /* ViewController.swift */ = {isa = PBXFileReference; lastKnownFileType = sourcecode.swift; path = ViewController.swift; sourceTree = "<group>"; };
		002299D325F0FB4700E18705 /* Base */ = {isa = PBXFileReference; lastKnownFileType = file.storyboard; name = Base; path = Base.lproj/Main.storyboard; sourceTree = "<group>"; };
		002299D525F0FB4C00E18705 /* Assets.xcassets */ = {isa = PBXFileReference; lastKnownFileType = folder.assetcatalog; path = Assets.xcassets; sourceTree = "<group>"; };
		002299D825F0FB4C00E18705 /* Base */ = {isa = PBXFileReference; lastKnownFileType = file.storyboard; name = Base; path = Base.lproj/LaunchScreen.storyboard; sourceTree = "<group>"; };
		002299DA25F0FB4C00E18705 /* Info.plist */ = {isa = PBXFileReference; lastKnownFileType = text.plist.xml; path = Info.plist; sourceTree = "<group>"; };
		002299E125F0FB5B00E18705 /* convert.swift */ = {isa = PBXFileReference; lastKnownFileType = sourcecode.swift; name = convert.swift; path = ../../convert.swift; sourceTree = "<group>"; };
		002299E725F0FC1300E18705 /* convertViewController.swift */ = {isa = PBXFileReference; lastKnownFileType = sourcecode.swift; path = convertViewController.swift; sourceTree = "<group>"; };
/* End PBXFileReference section */

/* Begin PBXFrameworksBuildPhase section */
		002299C625F0FB4700E18705 /* Frameworks */ = {
			isa = PBXFrameworksBuildPhase;
			buildActionMask = 2147483647;
			files = (
			);
			runOnlyForDeploymentPostprocessing = 0;
		};
/* End PBXFrameworksBuildPhase section */

/* Begin PBXGroup section */
		002299C025F0FB4700E18705 = {
			isa = PBXGroup;
			children = (
				002299E125F0FB5B00E18705 /* convert.swift */,
				002299CB25F0FB4700E18705 /* convert0303 */,
				002299CA25F0FB4700E18705 /* Products */,
			);
			sourceTree = "<group>";
		};
		002299CA25F0FB4700E18705 /* Products */ = {
			isa = PBXGroup;
			children = (
				002299C925F0FB4700E18705 /* convert0303.app */,
			);
			name = Products;
			sourceTree = "<group>";
		};
		002299CB25F0FB4700E18705 /* convert0303 */ = {
			isa = PBXGroup;
			children = (
				002299CC25F0FB4700E18705 /* AppDelegate.swift */,
				002299CE25F0FB4700E18705 /* SceneDelegate.swift */,
				002299D025F0FB4700E18705 /* ViewController.swift */,
				002299D225F0FB4700E18705 /* Main.storyboard */,
				002299E725F0FC1300E18705 /* convertViewController.swift */,
				002299D525F0FB4C00E18705 /* Assets.xcassets */,
				002299D725F0FB4C00E18705 /* LaunchScreen.storyboard */,
				002299DA25F0FB4C00E18705 /* Info.plist */,
			);
			path = convert0303;
			sourceTree = "<group>";
		};
/* End PBXGroup section */

/* Begin PBXNativeTarget section */
		002299C825F0FB4700E18705 /* convert0303 */ = {
			isa = PBXNativeTarget;
			buildConfigurationList = 002299DD25F0FB4C00E18705 /* Build configuration list for PBXNativeTarget "convert0303" */;
			buildPhases = (
				002299C525F0FB4700E18705 /* Sources */,
				002299C625F0FB4700E18705 /* Frameworks */,
				002299C725F0FB4700E18705 /* Resources */,
			);
			buildRules = (
			);
			dependencies = (
			);
			name = convert0303;
			productName = convert0303;
			productReference = 002299C925F0FB4700E18705 /* convert0303.app */;
			productType = "com.apple.product-type.application";
		};
/* End PBXNativeTarget section */

/* Begin PBXProject section */
		002299C125F0FB4700E18705 /* Project object */ = {
			isa = PBXProject;
			attributes = {
				LastSwiftUpdateCheck = 1240;
				LastUpgradeCheck = 1240;
				TargetAttributes = {
					002299C825F0FB4700E18705 = {
						CreatedOnToolsVersion = 12.4;
					};
				};
			};
			buildConfigurationList = 002299C425F0FB4700E18705 /* Build configuration list for PBXProject "convert0303" */;
			compatibilityVersion = "Xcode 9.3";
			developmentRegion = en;
			hasScannedForEncodings = 0;
			knownRegions = (
				en,
				Base,
			);
			mainGroup = 002299C025F0FB4700E18705;
			productRefGroup = 002299CA25F0FB4700E18705 /* Products */;
			projectDirPath = "";
			projectRoot = "";
			targets = (
				002299C825F0FB4700E18705 /* convert0303 */,
			);
		};
/* End PBXProject section */

/* Begin PBXResourcesBuildPhase section */
		002299C725F0FB4700E18705 /* Resources */ = {
			isa = PBXResourcesBuildPhase;
			buildActionMask = 2147483647;
			files = (
				002299D925F0FB4C00E18705 /* LaunchScreen.storyboard in Resources */,
				002299D625F0FB4C00E18705 /* Assets.xcassets in Resources */,
				002299D425F0FB4700E18705 /* Main.storyboard in Resources */,
			);
			runOnlyForDeploymentPostprocessing = 0;
		};
/* End PBXResourcesBuildPhase section */

/* Begin PBXSourcesBuildPhase section */
		002299C525F0FB4700E18705 /* Sources */ = {
			isa = PBXSourcesBuildPhase;
			buildActionMask = 2147483647;
			files = (
				002299D125F0FB4700E18705 /* ViewController.swift in Sources */,
				002299E225F0FB5B00E18705 /* convert.swift in Sources */,
				002299CD25F0FB4700E18705 /* AppDelegate.swift in Sources */,
				002299E825F0FC1300E18705 /* convertViewController.swift in Sources */,
				002299CF25F0FB4700E18705 /* SceneDelegate.swift in Sources */,
			);
			runOnlyForDeploymentPostprocessing = 0;
		};
/* End PBXSourcesBuildPhase section */

/* Begin PBXVariantGroup section */
		002299D225F0FB4700E18705 /* Main.storyboard */ = {
			isa = PBXVariantGroup;
			children = (
				002299D325F0FB4700E18705 /* Base */,
			);
			name = Main.storyboard;
			sourceTree = "<group>";
		};
		002299D725F0FB4C00E18705 /* LaunchScreen.storyboard */ = {
			isa = PBXVariantGroup;
			children = (
				002299D825F0FB4C00E18705 /* Base */,
			);
			name = LaunchScreen.storyboard;
			sourceTree = "<group>";
		};
/* End PBXVariantGroup section */

/* Begin XCBuildConfiguration section */
		002299DB25F0FB4C00E18705 /* Debug */ = {
			isa = XCBuildConfiguration;
			buildSettings = {
				ALWAYS_SEARCH_USER_PATHS = NO;
				CLANG_ANALYZER_NONNULL = YES;
				CLANG_ANALYZER_NUMBER_OBJECT_CONVERSION = YES_AGGRESSIVE;
				CLANG_CXX_LANGUAGE_STANDARD = "gnu++14";
				CLANG_CXX_LIBRARY = "libc++";
				CLANG_ENABLE_MODULES = YES;
				CLANG_ENABLE_OBJC_ARC = YES;
				CLANG_ENABLE_OBJC_WEAK = YES;
				CLANG_WARN_BLOCK_CAPTURE_AUTORELEASING = YES;
				CLANG_WARN_BOOL_CONVERSION = YES;
				CLANG_WARN_COMMA = YES;
				CLANG_WARN_CONSTANT_CONVERSION = YES;
				CLANG_WARN_DEPRECATED_OBJC_IMPLEMENTATIONS = YES;
				CLANG_WARN_DIRECT_OBJC_ISA_USAGE = YES_ERROR;
				CLANG_WARN_DOCUMENTATION_COMMENTS = YES;
				CLANG_WARN_EMPTY_BODY = YES;
				CLANG_WARN_ENUM_CONVERSION = YES;
				CLANG_WARN_INFINITE_RECURSION = YES;
				CLANG_WARN_INT_CONVERSION = YES;
				CLANG_WARN_NON_LITERAL_NULL_CONVERSION = YES;
				CLANG_WARN_OBJC_IMPLICIT_RETAIN_SELF = YES;
				CLANG_WARN_OBJC_LITERAL_CONVERSION = YES;
				CLANG_WARN_OBJC_ROOT_CLASS = YES_ERROR;
				CLANG_WARN_QUOTED_INCLUDE_IN_FRAMEWORK_HEADER = YES;
				CLANG_WARN_RANGE_LOOP_ANALYSIS = YES;
				CLANG_WARN_STRICT_PROTOTYPES = YES;
				CLANG_WARN_SUSPICIOUS_MOVE = YES;
				CLANG_WARN_UNGUARDED_AVAILABILITY = YES_AGGRESSIVE;
				CLANG_WARN_UNREACHABLE_CODE = YES;
				CLANG_WARN__DUPLICATE_METHOD_MATCH = YES;
				COPY_PHASE_STRIP = NO;
				DEBUG_INFORMATION_FORMAT = dwarf;
				ENABLE_STRICT_OBJC_MSGSEND = YES;
				ENABLE_TESTABILITY = YES;
				GCC_C_LANGUAGE_STANDARD = gnu11;
				GCC_DYNAMIC_NO_PIC = NO;
				GCC_NO_COMMON_BLOCKS = YES;
				GCC_OPTIMIZATION_LEVEL = 0;
				GCC_PREPROCESSOR_DEFINITIONS = (
					"DEBUG=1",
					"$(inherited)",
				);
				GCC_WARN_64_TO_32_BIT_CONVERSION = YES;
				GCC_WARN_ABOUT_RETURN_TYPE = YES_ERROR;
				GCC_WARN_UNDECLARED_SELECTOR = YES;
				GCC_WARN_UNINITIALIZED_AUTOS = YES_AGGRESSIVE;
				GCC_WARN_UNUSED_FUNCTION = YES;
				GCC_WARN_UNUSED_VARIABLE = YES;
				IPHONEOS_DEPLOYMENT_TARGET = 14.4;
				MTL_ENABLE_DEBUG_INFO = INCLUDE_SOURCE;
				MTL_FAST_MATH = YES;
				ONLY_ACTIVE_ARCH = YES;
				SDKROOT = iphoneos;
				SWIFT_ACTIVE_COMPILATION_CONDITIONS = DEBUG;
				SWIFT_OPTIMIZATION_LEVEL = "-Onone";
			};
			name = Debug;
		};
		002299DC25F0FB4C00E18705 /* Release */ = {
			isa = XCBuildConfiguration;
			buildSettings = {
				ALWAYS_SEARCH_USER_PATHS = NO;
				CLANG_ANALYZER_NONNULL = YES;
				CLANG_ANALYZER_NUMBER_OBJECT_CONVERSION = YES_AGGRESSIVE;
				CLANG_CXX_LANGUAGE_STANDARD = "gnu++14";
				CLANG_CXX_LIBRARY = "libc++";
				CLANG_ENABLE_MODULES = YES;
				CLANG_ENABLE_OBJC_ARC = YES;
				CLANG_ENABLE_OBJC_WEAK = YES;
				CLANG_WARN_BLOCK_CAPTURE_AUTORELEASING = YES;
				CLANG_WARN_BOOL_CONVERSION = YES;
				CLANG_WARN_COMMA = YES;
				CLANG_WARN_CONSTANT_CONVERSION = YES;
				CLANG_WARN_DEPRECATED_OBJC_IMPLEMENTATIONS = YES;
				CLANG_WARN_DIRECT_OBJC_ISA_USAGE = YES_ERROR;
				CLANG_WARN_DOCUMENTATION_COMMENTS = YES;
				CLANG_WARN_EMPTY_BODY = YES;
				CLANG_WARN_ENUM_CONVERSION = YES;
				CLANG_WARN_INFINITE_RECURSION = YES;
				CLANG_WARN_INT_CONVERSION = YES;
				CLANG_WARN_NON_LITERAL_NULL_CONVERSION = YES;
				CLANG_WARN_OBJC_IMPLICIT_RETAIN_SELF = YES;
				CLANG_WARN_OBJC_LITERAL_CONVERSION = YES;
				CLANG_WARN_OBJC_ROOT_CLASS = YES_ERROR;
				CLANG_WARN_QUOTED_INCLUDE_IN_FRAMEWORK_HEADER = YES;
				CLANG_WARN_RANGE_LOOP_ANALYSIS = YES;
				CLANG_WARN_STRICT_PROTOTYPES = YES;
				CLANG_WARN_SUSPICIOUS_MOVE = YES;
				CLANG_WARN_UNGUARDED_AVAILABILITY = YES_AGGRESSIVE;
				CLANG_WARN_UNREACHABLE_CODE = YES;
				CLANG_WARN__DUPLICATE_METHOD_MATCH = YES;
				COPY_PHASE_STRIP = NO;
				DEBUG_INFORMATION_FORMAT = "dwarf-with-dsym";
				ENABLE_NS_ASSERTIONS = NO;
				ENABLE_STRICT_OBJC_MSGSEND = YES;
				GCC_C_LANGUAGE_STANDARD = gnu11;
				GCC_NO_COMMON_BLOCKS = YES;
				GCC_WARN_64_TO_32_BIT_CONVERSION = YES;
				GCC_WARN_ABOUT_RETURN_TYPE = YES_ERROR;
				GCC_WARN_UNDECLARED_SELECTOR = YES;
				GCC_WARN_UNINITIALIZED_AUTOS = YES_AGGRESSIVE;
				GCC_WARN_UNUSED_FUNCTION = YES;
				GCC_WARN_UNUSED_VARIABLE = YES;
				IPHONEOS_DEPLOYMENT_TARGET = 14.4;
				MTL_ENABLE_DEBUG_INFO = NO;
				MTL_FAST_MATH = YES;
				SDKROOT = iphoneos;
				SWIFT_COMPILATION_MODE = wholemodule;
				SWIFT_OPTIMIZATION_LEVEL = "-O";
				VALIDATE_PRODUCT = YES;
			};
			name = Release;
		};
		002299DE25F0FB4C00E18705 /* Debug */ = {
			isa = XCBuildConfiguration;
			buildSettings = {
				ASSETCATALOG_COMPILER_APPICON_NAME = AppIcon;
				ASSETCATALOG_COMPILER_GLOBAL_ACCENT_COLOR_NAME = AccentColor;
				CODE_SIGN_STYLE = Automatic;
				DEVELOPMENT_TEAM = M2MF9LH58A;
				INFOPLIST_FILE = convert0303/Info.plist;
				LD_RUNPATH_SEARCH_PATHS = (
					"$(inherited)",
					"@executable_path/Frameworks",
				);
				PRODUCT_BUNDLE_IDENTIFIER = "com.Lydia-LL.convert0303";
				PRODUCT_NAME = "$(TARGET_NAME)";
				SWIFT_VERSION = 5.0;
				TARGETED_DEVICE_FAMILY = "1,2";
			};
			name = Debug;
		};
		002299DF25F0FB4C00E18705 /* Release */ = {
			isa = XCBuildConfiguration;
			buildSettings = {
				ASSETCATALOG_COMPILER_APPICON_NAME = AppIcon;
				ASSETCATALOG_COMPILER_GLOBAL_ACCENT_COLOR_NAME = AccentColor;
				CODE_SIGN_STYLE = Automatic;
				DEVELOPMENT_TEAM = M2MF9LH58A;
				INFOPLIST_FILE = convert0303/Info.plist;
				LD_RUNPATH_SEARCH_PATHS = (
					"$(inherited)",
					"@executable_path/Frameworks",
				);
				PRODUCT_BUNDLE_IDENTIFIER = "com.Lydia-LL.convert0303";
				PRODUCT_NAME = "$(TARGET_NAME)";
				SWIFT_VERSION = 5.0;
				TARGETED_DEVICE_FAMILY = "1,2";
			};
			name = Release;
		};
/* End XCBuildConfiguration section */

/* Begin XCConfigurationList section */
		002299C425F0FB4700E18705 /* Build configuration list for PBXProject "convert0303" */ = {
			isa = XCConfigurationList;
			buildConfigurations = (
				002299DB25F0FB4C00E18705 /* Debug */,
				002299DC25F0FB4C00E18705 /* Release */,
			);
			defaultConfigurationIsVisible = 0;
			defaultConfigurationName = Release;
		};
		002299DD25F0FB4C00E18705 /* Build configuration list for PBXNativeTarget "convert0303" */ = {
			isa = XCConfigurationList;
			buildConfigurations = (
				002299DE25F0FB4C00E18705 /* Debug */,
				002299DF25F0FB4C00E18705 /* Release */,
			);
			defaultConfigurationIsVisible = 0;
			defaultConfigurationName = Release;
		};
/* End XCConfigurationList section */
	};
	rootObject = 002299C125F0FB4700E18705 /* Project object */;
}
